
Microsoft Visual Studio Solution File, Format Version 12.00
# Visual Studio Version 17
VisualStudioVersion = 17.0.31903.59
MinimumVisualStudioVersion = 10.0.40219.1
Project("{FAE04EC0-301F-11D3-BF4B-00C04F79EFBC}") = "Lesson005.Cli", "Lesson005.Cli\Lesson005.Cli.csproj", "{B2BD03F1-0F21-4F94-88D1-61C27D138D42}"
EndProject
Global
	GlobalSection(SolutionConfigurationPlatforms) = preSolution
		Debug|Any CPU = Debug|Any CPU
		Release|Any CPU = Release|Any CPU
	EndGlobalSection
	GlobalSection(SolutionProperties) = preSolution
		HideSolutionNode = FALSE
	EndGlobalSection
	GlobalSection(ProjectConfigurationPlatforms) = postSolution
		{B2BD03F1-0F21-4F94-88D1-61C27D138D42}.Debug|Any CPU.ActiveCfg = Debug|Any CPU
		{B2BD03F1-0F21-4F94-88D1-61C27D138D42}.Debug|Any CPU.Build.0 = Debug|Any CPU
		{B2BD03F1-0F21-4F94-88D1-61C27D138D42}.Release|Any CPU.ActiveCfg = Release|Any CPU
		{B2BD03F1-0F21-4F94-88D1-61C27D138D42}.Release|Any CPU.Build.0 = Release|Any CPU
	EndGlobalSection
EndGlobal
